
Microsoft Visual Studio Solution File, Format Version 12.00
# Visual Studio Version 16
VisualStudioVersion = 16.0.31105.61
MinimumVisualStudioVersion = 10.0.40219.1
Project("{FAE04EC0-301F-11D3-BF4B-00C04F79EFBC}") = "TestUngDung", "TestUngDung\TestUngDung.csproj", "{11EE94BD-4141-460F-A722-A2B7FAC6A268}"
EndProject
Project("{FAE04EC0-301F-11D3-BF4B-00C04F79EFBC}") = "ModelsEF", "ModelsEF\ModelsEF.csproj", "{C2526AB3-13D3-479D-B0C7-7706C7318260}"
EndProject
Global
	GlobalSection(SolutionConfigurationPlatforms) = preSolution
		Debug|Any CPU = Debug|Any CPU
		Release|Any CPU = Release|Any CPU
	EndGlobalSection
	GlobalSection(ProjectConfigurationPlatforms) = postSolution
		{11EE94BD-4141-460F-A722-A2B7FAC6A268}.Debug|Any CPU.ActiveCfg = Debug|Any CPU
		{11EE94BD-4141-460F-A722-A2B7FAC6A268}.Debug|Any CPU.Build.0 = Debug|Any CPU
		{11EE94BD-4141-460F-A722-A2B7FAC6A268}.Release|Any CPU.ActiveCfg = Release|Any CPU
		{11EE94BD-4141-460F-A722-A2B7FAC6A268}.Release|Any CPU.Build.0 = Release|Any CPU
		{C2526AB3-13D3-479D-B0C7-7706C7318260}.Debug|Any CPU.ActiveCfg = Debug|Any CPU
		{C2526AB3-13D3-479D-B0C7-7706C7318260}.Debug|Any CPU.Build.0 = Debug|Any CPU
		{C2526AB3-13D3-479D-B0C7-7706C7318260}.Release|Any CPU.ActiveCfg = Release|Any CPU
		{C2526AB3-13D3-479D-B0C7-7706C7318260}.Release|Any CPU.Build.0 = Release|Any CPU
	EndGlobalSection
	GlobalSection(SolutionProperties) = preSolution
		HideSolutionNode = FALSE
	EndGlobalSection
	GlobalSection(ExtensibilityGlobals) = postSolution
		SolutionGuid = {E8D4EAAE-0E2A-448C-9289-47599CD4E65E}
	EndGlobalSection
EndGlobal
